lockfileVersion: '9.0'

settings:
  autoInstallPeers: true
  excludeLinksFromLockfile: false

importers:

  .:
    dependencies:
      remark:
        specifier: ^15.0.1
        version: 15.0.1
      zenn-cli:
        specifier: ^0.2.10
        version: 0.2.10
    devDependencies:
      '@biomejs/biome':
        specifier: 2.3.6
        version: 2.3.6

packages:

  '@biomejs/biome@2.3.6':
    resolution: {integrity: sha512-oqUhWyU6tae0MFsr/7iLe++QWRg+6jtUhlx9/0GmCWDYFFrK366sBLamNM7D9Y+c7YSynUFKr8lpEp1r6Sk7eA==}
    engines: {node: '>=14.21.3'}
    hasBin: true

  '@biomejs/cli-darwin-arm64@2.3.6':
    resolution: {integrity: sha512-P4JWE5d8UayBxYe197QJwyW4ZHp0B+zvRIGCusOm1WbxmlhpAQA1zEqQuunHgSIzvyEEp4TVxiKGXNFZPg7r9Q==}
    engines: {node: '>=14.21.3'}
    cpu: [arm64]
    os: [darwin]

  '@biomejs/cli-darwin-x64@2.3.6':
    resolution: {integrity: sha512-I4rTebj+F/L9K93IU7yTFs8nQ6EhaCOivxduRha4w4WEZK80yoZ8OAdR1F33m4yJ/NfUuTUbP/Wjs+vKjlCoWA==}
    engines: {node: '>=14.21.3'}
    cpu: [x64]
    os: [darwin]

  '@biomejs/cli-linux-arm64-musl@2.3.6':
    resolution: {integrity: sha512-oK1NpIXIixbJ/4Tcx40cwiieqah6rRUtMGOHDeK2ToT7yUFVEvXUGRKqH0O4hqZ9tW8TcXNZKfgRH6xrsjVtGg==}
    engines: {node: '>=14.21.3'}
    cpu: [arm64]
    os: [linux]

  '@biomejs/cli-linux-arm64@2.3.6':
    resolution: {integrity: sha512-JjYy83eVBnvuINZiqyFO7xx72v8Srh4hsgaacSBCjC22DwM6+ZvnX1/fj8/SBiLuUOfZ8YhU2pfq2Dzakeyg1A==}
    engines: {node: '>=14.21.3'}
    cpu: [arm64]
    os: [linux]

  '@biomejs/cli-linux-x64-musl@2.3.6':
    resolution: {integrity: sha512-QvxB8GHQeaO4FCtwJpJjCgJkbHBbWxRHUxQlod+xeaYE6gtJdSkYkuxdKAQUZEOIsec+PeaDAhW9xjzYbwmOFA==}
    engines: {node: '>=14.21.3'}
    cpu: [x64]
    os: [linux]

  '@biomejs/cli-linux-x64@2.3.6':
    resolution: {integrity: sha512-ZjPXzy5yN9wusIoX+8Zp4p6cL8r0NzJCXg/4r1KLVveIPXd2jKVlqZ6ZyzEq385WwU3OX5KOwQYLQsOc788waQ==}
    engines: {node: '>=14.21.3'}
    cpu: [x64]
    os: [linux]

  '@biomejs/cli-win32-arm64@2.3.6':
    resolution: {integrity: sha512-YM7hLHpwjdt8R7+O2zS1Vo2cKgqEeptiXB1tWW1rgjN5LlpZovBVKtg7zfwfRrFx3i08aNZThYpTcowpTlczug==}
    engines: {node: '>=14.21.3'}
    cpu: [arm64]
    os: [win32]

  '@biomejs/cli-win32-x64@2.3.6':
    resolution: {integrity: sha512-psgNEYgMAobY5h+QHRBVR9xvg2KocFuBKm6axZWB/aD12NWhQjiVFQUjV6wMXhlH4iT0Q9c3yK5JFRiDC/rzHA==}
    engines: {node: '>=14.21.3'}
    cpu: [x64]
    os: [win32]

  '@types/debug@4.1.12':
    resolution: {integrity: sha512-vIChWdVG3LG1SMxEvI/AK+FWJthlrqlTu7fbrlywTkkaONwk/UAGaULXRlf8vkzFBLVm0zkMdCquhL5aOjhXPQ==}

  '@types/mdast@4.0.3':
    resolution: {integrity: sha512-LsjtqsyF+d2/yFOYaN22dHZI1Cpwkrj+g06G8+qtUKlhovPW89YhqSnfKtMbkgmEtYpH2gydRNULd6y8mciAFg==}

  '@types/ms@0.7.34':
    resolution: {integrity: sha512-nG96G3Wp6acyAgJqGasjODb+acrI7KltPiRxzHPXnP3NgI28bpQDRv53olbqGXbfcgF5aiiHmO3xpwEpS5Ld9g==}

  '@types/unist@3.0.2':
    resolution: {integrity: sha512-dqId9J8K/vGi5Zr7oo212BGii5m3q5Hxlkwy3WpYuKPklmBEvsbMYYyLxAQpSffdLl/gdW0XUpKWFvYmyoWCoQ==}

  bail@2.0.2:
    resolution: {integrity: sha512-0xO6mYd7JB2YesxDKplafRpsiOzPt9V02ddPCLbY1xYGPOX24NTyN50qnUxgCPcSoYMhKpAuBTjQoRZCAkUDRw==}

  bundle-name@4.1.0:
    resolution: {integrity: sha512-tjwM5exMg6BGRI+kNmTntNsvdZS1X8BFYS6tnJ2hdH0kVxM6/eVZ2xy+FqStSWvYmtfFMDLIxurorHwDKfDz5Q==}
    engines: {node: '>=18'}

  character-entities@2.0.2:
    resolution: {integrity: sha512-shx7oQ0Awen/BRIdkjkvz54PnEEI/EjwXDSIZp86/KKdbafHh1Df/RYGBhn4hbe2+uKC9FnT5UCEdyPz3ai9hQ==}

  debug@4.3.4:
    resolution: {integrity: sha512-PRWFHuSU3eDtQJPvnNY7Jcket1j0t5OuOsFzPPzsekD52Zl8qUfFIPEiswXqIvHWGVHOgX+7G/vCNNhehwxfkQ==}
    engines: {node: '>=6.0'}
    peerDependencies:
      supports-color: '*'
    peerDependenciesMeta:
      supports-color:
        optional: true

  decode-named-character-reference@1.0.2:
    resolution: {integrity: sha512-O8x12RzrUF8xyVcY0KJowWsmaJxQbmy0/EtnNtHRpsOcT7dFk5W598coHqBVpmWo1oQQfsCqfCmkZN5DJrZVdg==}

  default-browser-id@5.0.1:
    resolution: {integrity: sha512-x1VCxdX4t+8wVfd1so/9w+vQ4vx7lKd2Qp5tDRutErwmR85OgmfX7RlLRMWafRMY7hbEiXIbudNrjOAPa/hL8Q==}
    engines: {node: '>=18'}

  default-browser@5.4.0:
    resolution: {integrity: sha512-XDuvSq38Hr1MdN47EDvYtx3U0MTqpCEn+F6ft8z2vYDzMrvQhVp0ui9oQdqW3MvK3vqUETglt1tVGgjLuJ5izg==}
    engines: {node: '>=18'}

  define-lazy-prop@3.0.0:
    resolution: {integrity: sha512-N+MeXYoqr3pOgn8xfyRPREN7gHakLYjhsHhWGT3fWAiL4IkAt0iDw14QiiEm2bE30c5XX5q0FtAA3CK5f9/BUg==}
    engines: {node: '>=12'}

  dequal@2.0.3:
    resolution: {integrity: sha512-0je+qPKHEMohvfRTCEo3CrPG6cAzAYgmzKyxRiYSSDkS6eGJdyVJm7WaYA5ECaAD9wLB2T4EEeymA5aFVcYXCA==}
    engines: {node: '>=6'}

  devlop@1.1.0:
    resolution: {integrity: sha512-RWmIqhcFf1lRYBvNmr7qTNuyCt/7/ns2jbpp1+PalgE/rDQcBT0fioSMUpJ93irlUhC5hrg4cYqe6U+0ImW0rA==}

  extend@3.0.2:
    resolution: {integrity: sha512-fjquC59cD7CyW6urNXK0FBufkZcoiGG80wTuPujX590cB5Ttln20E2UB4S/WARVqhXffZl2LNgS+gQdPIIim/g==}

  is-docker@3.0.0:
    resolution: {integrity: sha512-eljcgEDlEns/7AXFosB5K/2nCM4P7FQPkGc/DWLy5rmFEWvZayGrik1d9/QIY5nJ4f9YsVvBkA6kJpHn9rISdQ==}
    engines: {node: ^12.20.0 || ^14.13.1 || >=16.0.0}
    hasBin: true

  is-inside-container@1.0.0:
    resolution: {integrity: sha512-KIYLCCJghfHZxqjYBE7rEy0OBuTd5xCHS7tHVgvCLkx7StIoaxwNW3hCALgEUjFfeRk+MG/Qxmp/vtETEF3tRA==}
    engines: {node: '>=14.16'}
    hasBin: true

  is-plain-obj@4.1.0:
    resolution: {integrity: sha512-+Pgi+vMuUNkJyExiMBt5IlFoMyKnr5zhJ4Uspz58WOhBF5QoIZkFyNHIbBAtHwzVAgk5RtndVNsDRN61/mmDqg==}
    engines: {node: '>=12'}

  is-wsl@3.1.0:
    resolution: {integrity: sha512-UcVfVfaK4Sc4m7X3dUSoHoozQGBEFeDC+zVo06t98xe8CzHSZZBekNXH+tu0NalHolcJ/QAGqS46Hef7QXBIMw==}
    engines: {node: '>=16'}

  longest-streak@3.1.0:
    resolution: {integrity: sha512-9Ri+o0JYgehTaVBBDoMqIl8GXtbWg711O3srftcHhZ0dqnETqLaoIK0x17fUw9rFSlK/0NlsKe0Ahhyl5pXE2g==}

  mdast-util-from-markdown@2.0.0:
    resolution: {integrity: sha512-n7MTOr/z+8NAX/wmhhDji8O3bRvPTV/U0oTCaZJkjhPSKTPhS3xufVhKGF8s1pJ7Ox4QgoIU7KHseh09S+9rTA==}

  mdast-util-phrasing@4.1.0:
    resolution: {integrity: sha512-TqICwyvJJpBwvGAMZjj4J2n0X8QWp21b9l0o7eXyVJ25YNWYbJDVIyD1bZXE6WtV6RmKJVYmQAKWa0zWOABz2w==}

  mdast-util-to-markdown@2.1.0:
    resolution: {integrity: sha512-SR2VnIEdVNCJbP6y7kVTJgPLifdr8WEU440fQec7qHoHOUz/oJ2jmNRqdDQ3rbiStOXb2mCDGTuwsK5OPUgYlQ==}

  mdast-util-to-string@4.0.0:
    resolution: {integrity: sha512-0H44vDimn51F0YwvxSJSm0eCDOJTRlmN0R1yBh4HLj9wiV1Dn0QoXGbvFAWj2hSItVTlCmBF1hqKlIyUBVFLPg==}

  micromark-core-commonmark@2.0.0:
    resolution: {integrity: sha512-jThOz/pVmAYUtkroV3D5c1osFXAMv9e0ypGDOIZuCeAe91/sD6BoE2Sjzt30yuXtwOYUmySOhMas/PVyh02itA==}

  micromark-factory-destination@2.0.0:
    resolution: {integrity: sha512-j9DGrQLm/Uhl2tCzcbLhy5kXsgkHUrjJHg4fFAeoMRwJmJerT9aw4FEhIbZStWN8A3qMwOp1uzHr4UL8AInxtA==}

  micromark-factory-label@2.0.0:
    resolution: {integrity: sha512-RR3i96ohZGde//4WSe/dJsxOX6vxIg9TimLAS3i4EhBAFx8Sm5SmqVfR8E87DPSR31nEAjZfbt91OMZWcNgdZw==}

  micromark-factory-space@2.0.0:
    resolution: {integrity: sha512-TKr+LIDX2pkBJXFLzpyPyljzYK3MtmllMUMODTQJIUfDGncESaqB90db9IAUcz4AZAJFdd8U9zOp9ty1458rxg==}

  micromark-factory-title@2.0.0:
    resolution: {integrity: sha512-jY8CSxmpWLOxS+t8W+FG3Xigc0RDQA9bKMY/EwILvsesiRniiVMejYTE4wumNc2f4UbAa4WsHqe3J1QS1sli+A==}

  micromark-factory-whitespace@2.0.0:
    resolution: {integrity: sha512-28kbwaBjc5yAI1XadbdPYHX/eDnqaUFVikLwrO7FDnKG7lpgxnvk/XGRhX/PN0mOZ+dBSZ+LgunHS+6tYQAzhA==}

  micromark-util-character@2.1.0:
    resolution: {integrity: sha512-KvOVV+X1yLBfs9dCBSopq/+G1PcgT3lAK07mC4BzXi5E7ahzMAF8oIupDDJ6mievI6F+lAATkbQQlQixJfT3aQ==}

  micromark-util-chunked@2.0.0:
    resolution: {integrity: sha512-anK8SWmNphkXdaKgz5hJvGa7l00qmcaUQoMYsBwDlSKFKjc6gjGXPDw3FNL3Nbwq5L8gE+RCbGqTw49FK5Qyvg==}

  micromark-util-classify-character@2.0.0:
    resolution: {integrity: sha512-S0ze2R9GH+fu41FA7pbSqNWObo/kzwf8rN/+IGlW/4tC6oACOs8B++bh+i9bVyNnwCcuksbFwsBme5OCKXCwIw==}

  micromark-util-combine-extensions@2.0.0:
    resolution: {integrity: sha512-vZZio48k7ON0fVS3CUgFatWHoKbbLTK/rT7pzpJ4Bjp5JjkZeasRfrS9wsBdDJK2cJLHMckXZdzPSSr1B8a4oQ==}

  micromark-util-decode-numeric-character-reference@2.0.1:
    resolution: {integrity: sha512-bmkNc7z8Wn6kgjZmVHOX3SowGmVdhYS7yBpMnuMnPzDq/6xwVA604DuOXMZTO1lvq01g+Adfa0pE2UKGlxL1XQ==}

  micromark-util-decode-string@2.0.0:
    resolution: {integrity: sha512-r4Sc6leeUTn3P6gk20aFMj2ntPwn6qpDZqWvYmAG6NgvFTIlj4WtrAudLi65qYoaGdXYViXYw2pkmn7QnIFasA==}

  micromark-util-encode@2.0.0:
    resolution: {integrity: sha512-pS+ROfCXAGLWCOc8egcBvT0kf27GoWMqtdarNfDcjb6YLuV5cM3ioG45Ys2qOVqeqSbjaKg72vU+Wby3eddPsA==}

  micromark-util-html-tag-name@2.0.0:
    resolution: {integrity: sha512-xNn4Pqkj2puRhKdKTm8t1YHC/BAjx6CEwRFXntTaRf/x16aqka6ouVoutm+QdkISTlT7e2zU7U4ZdlDLJd2Mcw==}

  micromark-util-normalize-identifier@2.0.0:
    resolution: {integrity: sha512-2xhYT0sfo85FMrUPtHcPo2rrp1lwbDEEzpx7jiH2xXJLqBuy4H0GgXk5ToU8IEwoROtXuL8ND0ttVa4rNqYK3w==}

  micromark-util-resolve-all@2.0.0:
    resolution: {integrity: sha512-6KU6qO7DZ7GJkaCgwBNtplXCvGkJToU86ybBAUdavvgsCiG8lSSvYxr9MhwmQ+udpzywHsl4RpGJsYWG1pDOcA==}

  micromark-util-sanitize-uri@2.0.0:
    resolution: {integrity: sha512-WhYv5UEcZrbAtlsnPuChHUAsu/iBPOVaEVsntLBIdpibO0ddy8OzavZz3iL2xVvBZOpolujSliP65Kq0/7KIYw==}

  micromark-util-subtokenize@2.0.0:
    resolution: {integrity: sha512-vc93L1t+gpR3p8jxeVdaYlbV2jTYteDje19rNSS/H5dlhxUYll5Fy6vJ2cDwP8RnsXi818yGty1ayP55y3W6fg==}

  micromark-util-symbol@2.0.0:
    resolution: {integrity: sha512-8JZt9ElZ5kyTnO94muPxIGS8oyElRJaiJO8EzV6ZSyGQ1Is8xwl4Q45qU5UOg+bGH4AikWziz0iN4sFLWs8PGw==}

  micromark-util-types@2.0.0:
    resolution: {integrity: sha512-oNh6S2WMHWRZrmutsRmDDfkzKtxF+bc2VxLC9dvtrDIRFln627VsFP6fLMgTryGDljgLPjkrzQSDcPrjPyDJ5w==}

  micromark@4.0.0:
    resolution: {integrity: sha512-o/sd0nMof8kYff+TqcDx3VSrgBTcZpSvYcAHIfHhv5VAuNmisCxjhx6YmxS8PFEpb9z5WKWKPdzf0jM23ro3RQ==}

  ms@2.1.2:
    resolution: {integrity: sha512-sGkPx+VjMtmA6MX27oA4FBFELFCZZ4S4XqeGOXCv68tT+jb3vk/RyaKWP0PTKyWtmLSM0b+adUTEvbs1PEaH2w==}

  open@10.2.0:
    resolution: {integrity: sha512-YgBpdJHPyQ2UE5x+hlSXcnejzAvD0b22U2OuAP+8OnlJT+PjWPxtgmGqKKc+RgTM63U9gN0YzrYc71R2WT/hTA==}
    engines: {node: '>=18'}

  remark-parse@11.0.0:
    resolution: {integrity: sha512-FCxlKLNGknS5ba/1lmpYijMUzX2esxW5xQqjWxw2eHFfS2MSdaHVINFmhjo+qN1WhZhNimq0dZATN9pH0IDrpA==}

  remark-stringify@11.0.0:
    resolution: {integrity: sha512-1OSmLd3awB/t8qdoEOMazZkNsfVTeY4fTsgzcQFdXNq8ToTN4ZGwrMnlda4K6smTFKD+GRV6O48i6Z4iKgPPpw==}

  remark@15.0.1:
    resolution: {integrity: sha512-Eht5w30ruCXgFmxVUSlNWQ9iiimq07URKeFS3hNc8cUWy1llX4KDWfyEDZRycMc+znsN9Ux5/tJ/BFdgdOwA3A==}

  run-applescript@7.1.0:
    resolution: {integrity: sha512-DPe5pVFaAsinSaV6QjQ6gdiedWDcRCbUuiQfQa2wmWV7+xC9bGulGI8+TdRmoFkAPaBXk8CrAbnlY2ISniJ47Q==}
    engines: {node: '>=18'}

  trough@2.2.0:
    resolution: {integrity: sha512-tmMpK00BjZiUyVyvrBK7knerNgmgvcV/KLVyuma/SC+TQN167GrMRciANTz09+k3zW8L8t60jWO1GpfkZdjTaw==}

  unified@11.0.4:
    resolution: {integrity: sha512-apMPnyLjAX+ty4OrNap7yumyVAMlKx5IWU2wlzzUdYJO9A8f1p9m/gywF/GM2ZDFcjQPrx59Mc90KwmxsoklxQ==}

  unist-util-is@6.0.0:
    resolution: {integrity: sha512-2qCTHimwdxLfz+YzdGfkqNlH0tLi9xjTnHddPmJwtIG9MGsdbutfTc4P+haPD7l7Cjxf/WZj+we5qfVPvvxfYw==}

  unist-util-stringify-position@4.0.0:
    resolution: {integrity: sha512-0ASV06AAoKCDkS2+xw5RXJywruurpbC4JZSm7nr7MOt1ojAzvyyaO+UxZf18j8FCF6kmzCZKcAgN/yu2gm2XgQ==}

  unist-util-visit-parents@6.0.1:
    resolution: {integrity: sha512-L/PqWzfTP9lzzEa6CKs0k2nARxTdZduw3zyh8d2NVBnsyvHjSX4TWse388YrrQKbvI8w20fGjGlhgT96WwKykw==}

  unist-util-visit@5.0.0:
    resolution: {integrity: sha512-MR04uvD+07cwl/yhVuVWAtw+3GOR/knlL55Nd/wAdblk27GCVt3lqpTivy/tkJcZoNPzTwS1Y+KMojlLDhoTzg==}

  vfile-message@4.0.2:
    resolution: {integrity: sha512-jRDZ1IMLttGj41KcZvlrYAaI3CfqpLpfpf+Mfig13viT6NKvRzWZ+lXz0Y5D60w6uJIBAOGq9mSHf0gktF0duw==}

  vfile@6.0.1:
    resolution: {integrity: sha512-1bYqc7pt6NIADBJ98UiG0Bn/CHIVOoZ/IyEkqIruLg0mE1BKzkOXY2D6CSqQIcKqgadppE5lrxgWXJmXd7zZJw==}

  wsl-utils@0.1.0:
    resolution: {integrity: sha512-h3Fbisa2nKGPxCpm89Hk33lBLsnaGBvctQopaBSOW/uIs6FTe1ATyAnKFJrzVs9vpGdsTe73WF3V4lIsk4Gacw==}
    engines: {node: '>=18'}

  zenn-cli@0.2.10:
    resolution: {integrity: sha512-+1tAbDM9wsbRfrQtDGEN/i0bB1d26RqjtPmgBm672zflcTw/C8A/9qUA4fH4/TMmCGdOyNvohUE2B5ERd9EOZg==}
    engines: {node: '>=22.0.0'}
    hasBin: true

  zwitch@2.0.4:
    resolution: {integrity: sha512-bXE4cR/kVZhKZX/RjPEflHaKVhUVl85noU3v6b8apfQEc1x4A+zBxjZ4lN8LqGd6WZ3dl98pY4o717VFmoPp+A==}

snapshots:

  '@biomejs/biome@2.3.6':
    optionalDependencies:
      '@biomejs/cli-darwin-arm64': 2.3.6
      '@biomejs/cli-darwin-x64': 2.3.6
      '@biomejs/cli-linux-arm64': 2.3.6
      '@biomejs/cli-linux-arm64-musl': 2.3.6
      '@biomejs/cli-linux-x64': 2.3.6
      '@biomejs/cli-linux-x64-musl': 2.3.6
      '@biomejs/cli-win32-arm64': 2.3.6
      '@biomejs/cli-win32-x64': 2.3.6

  '@biomejs/cli-darwin-arm64@2.3.6':
    optional: true

  '@biomejs/cli-darwin-x64@2.3.6':
    optional: true

  '@biomejs/cli-linux-arm64-musl@2.3.6':
    optional: true

  '@biomejs/cli-linux-arm64@2.3.6':
    optional: true

  '@biomejs/cli-linux-x64-musl@2.3.6':
    optional: true

  '@biomejs/cli-linux-x64@2.3.6':
    optional: true

  '@biomejs/cli-win32-arm64@2.3.6':
    optional: true

  '@biomejs/cli-win32-x64@2.3.6':
    optional: true

  '@types/debug@4.1.12':
    dependencies:
      '@types/ms': 0.7.34

  '@types/mdast@4.0.3':
    dependencies:
      '@types/unist': 3.0.2

  '@types/ms@0.7.34': {}

  '@types/unist@3.0.2': {}

  bail@2.0.2: {}

  bundle-name@4.1.0:
    dependencies:
      run-applescript: 7.1.0

  character-entities@2.0.2: {}

  debug@4.3.4:
    dependencies:
      ms: 2.1.2

  decode-named-character-reference@1.0.2:
    dependencies:
      character-entities: 2.0.2

  default-browser-id@5.0.1: {}

  default-browser@5.4.0:
    dependencies:
      bundle-name: 4.1.0
      default-browser-id: 5.0.1

  define-lazy-prop@3.0.0: {}

  dequal@2.0.3: {}

  devlop@1.1.0:
    dependencies:
      dequal: 2.0.3

  extend@3.0.2: {}

  is-docker@3.0.0: {}

  is-inside-container@1.0.0:
    dependencies:
      is-docker: 3.0.0

  is-plain-obj@4.1.0: {}

  is-wsl@3.1.0:
    dependencies:
      is-inside-container: 1.0.0

  longest-streak@3.1.0: {}

  mdast-util-from-markdown@2.0.0:
    dependencies:
      '@types/mdast': 4.0.3
      '@types/unist': 3.0.2
      decode-named-character-reference: 1.0.2
      devlop: 1.1.0
      mdast-util-to-string: 4.0.0
      micromark: 4.0.0
      micromark-util-decode-numeric-character-reference: 2.0.1
      micromark-util-decode-string: 2.0.0
      micromark-util-normalize-identifier: 2.0.0
      micromark-util-symbol: 2.0.0
      micromark-util-types: 2.0.0
      unist-util-stringify-position: 4.0.0
    transitivePeerDependencies:
      - supports-color

  mdast-util-phrasing@4.1.0:
    dependencies:
      '@types/mdast': 4.0.3
      unist-util-is: 6.0.0

  mdast-util-to-markdown@2.1.0:
    dependencies:
      '@types/mdast': 4.0.3
      '@types/unist': 3.0.2
      longest-streak: 3.1.0
      mdast-util-phrasing: 4.1.0
      mdast-util-to-string: 4.0.0
      micromark-util-decode-string: 2.0.0
      unist-util-visit: 5.0.0
      zwitch: 2.0.4

  mdast-util-to-string@4.0.0:
    dependencies:
      '@types/mdast': 4.0.3

  micromark-core-commonmark@2.0.0:
    dependencies:
      decode-named-character-reference: 1.0.2
      devlop: 1.1.0
      micromark-factory-destination: 2.0.0
      micromark-factory-label: 2.0.0
      micromark-factory-space: 2.0.0
      micromark-factory-title: 2.0.0
      micromark-factory-whitespace: 2.0.0
      micromark-util-character: 2.1.0
      micromark-util-chunked: 2.0.0
      micromark-util-classify-character: 2.0.0
      micromark-util-html-tag-name: 2.0.0
      micromark-util-normalize-identifier: 2.0.0
      micromark-util-resolve-all: 2.0.0
      micromark-util-subtokenize: 2.0.0
      micromark-util-symbol: 2.0.0
      micromark-util-types: 2.0.0

  micromark-factory-destination@2.0.0:
    dependencies:
      micromark-util-character: 2.1.0
      micromark-util-symbol: 2.0.0
      micromark-util-types: 2.0.0

  micromark-factory-label@2.0.0:
    dependencies:
      devlop: 1.1.0
      micromark-util-character: 2.1.0
      micromark-util-symbol: 2.0.0
      micromark-util-types: 2.0.0

  micromark-factory-space@2.0.0:
    dependencies:
      micromark-util-character: 2.1.0
      micromark-util-types: 2.0.0

  micromark-factory-title@2.0.0:
    dependencies:
      micromark-factory-space: 2.0.0
      micromark-util-character: 2.1.0
      micromark-util-symbol: 2.0.0
      micromark-util-types: 2.0.0

  micromark-factory-whitespace@2.0.0:
    dependencies:
      micromark-factory-space: 2.0.0
      micromark-util-character: 2.1.0
      micromark-util-symbol: 2.0.0
      micromark-util-types: 2.0.0

  micromark-util-character@2.1.0:
    dependencies:
      micromark-util-symbol: 2.0.0
      micromark-util-types: 2.0.0

  micromark-util-chunked@2.0.0:
    dependencies:
      micromark-util-symbol: 2.0.0

  micromark-util-classify-character@2.0.0:
    dependencies:
      micromark-util-character: 2.1.0
      micromark-util-symbol: 2.0.0
      micromark-util-types: 2.0.0

  micromark-util-combine-extensions@2.0.0:
    dependencies:
      micromark-util-chunked: 2.0.0
      micromark-util-types: 2.0.0

  micromark-util-decode-numeric-character-reference@2.0.1:
    dependencies:
      micromark-util-symbol: 2.0.0

  micromark-util-decode-string@2.0.0:
    dependencies:
      decode-named-character-reference: 1.0.2
      micromark-util-character: 2.1.0
      micromark-util-decode-numeric-character-reference: 2.0.1
      micromark-util-symbol: 2.0.0

  micromark-util-encode@2.0.0: {}

  micromark-util-html-tag-name@2.0.0: {}

  micromark-util-normalize-identifier@2.0.0:
    dependencies:
      micromark-util-symbol: 2.0.0

  micromark-util-resolve-all@2.0.0:
    dependencies:
      micromark-util-types: 2.0.0

  micromark-util-sanitize-uri@2.0.0:
    dependencies:
      micromark-util-character: 2.1.0
      micromark-util-encode: 2.0.0
      micromark-util-symbol: 2.0.0

  micromark-util-subtokenize@2.0.0:
    dependencies:
      devlop: 1.1.0
      micromark-util-chunked: 2.0.0
      micromark-util-symbol: 2.0.0
      micromark-util-types: 2.0.0

  micromark-util-symbol@2.0.0: {}

  micromark-util-types@2.0.0: {}

  micromark@4.0.0:
    dependencies:
      '@types/debug': 4.1.12
      debug: 4.3.4
      decode-named-character-reference: 1.0.2
      devlop: 1.1.0
      micromark-core-commonmark: 2.0.0
      micromark-factory-space: 2.0.0
      micromark-util-character: 2.1.0
      micromark-util-chunked: 2.0.0
      micromark-util-combine-extensions: 2.0.0
      micromark-util-decode-numeric-character-reference: 2.0.1
      micromark-util-encode: 2.0.0
      micromark-util-normalize-identifier: 2.0.0
      micromark-util-resolve-all: 2.0.0
      micromark-util-sanitize-uri: 2.0.0
      micromark-util-subtokenize: 2.0.0
      micromark-util-symbol: 2.0.0
      micromark-util-types: 2.0.0
    transitivePeerDependencies:
      - supports-color

  ms@2.1.2: {}

  open@10.2.0:
    dependencies:
      default-browser: 5.4.0
      define-lazy-prop: 3.0.0
      is-inside-container: 1.0.0
      wsl-utils: 0.1.0

  remark-parse@11.0.0:
    dependencies:
      '@types/mdast': 4.0.3
      mdast-util-from-markdown: 2.0.0
      micromark-util-types: 2.0.0
      unified: 11.0.4
    transitivePeerDependencies:
      - supports-color

  remark-stringify@11.0.0:
    dependencies:
      '@types/mdast': 4.0.3
      mdast-util-to-markdown: 2.1.0
      unified: 11.0.4

  remark@15.0.1:
    dependencies:
      '@types/mdast': 4.0.3
      remark-parse: 11.0.0
      remark-stringify: 11.0.0
      unified: 11.0.4
    transitivePeerDependencies:
      - supports-color

  run-applescript@7.1.0: {}

  trough@2.2.0: {}

  unified@11.0.4:
    dependencies:
      '@types/unist': 3.0.2
      bail: 2.0.2
      devlop: 1.1.0
      extend: 3.0.2
      is-plain-obj: 4.1.0
      trough: 2.2.0
      vfile: 6.0.1

  unist-util-is@6.0.0:
    dependencies:
      '@types/unist': 3.0.2

  unist-util-stringify-position@4.0.0:
    dependencies:
      '@types/unist': 3.0.2

  unist-util-visit-parents@6.0.1:
    dependencies:
      '@types/unist': 3.0.2
      unist-util-is: 6.0.0

  unist-util-visit@5.0.0:
    dependencies:
      '@types/unist': 3.0.2
      unist-util-is: 6.0.0
      unist-util-visit-parents: 6.0.1

  vfile-message@4.0.2:
    dependencies:
      '@types/unist': 3.0.2
      unist-util-stringify-position: 4.0.0

  vfile@6.0.1:
    dependencies:
      '@types/unist': 3.0.2
      unist-util-stringify-position: 4.0.0
      vfile-message: 4.0.2

  wsl-utils@0.1.0:
    dependencies:
      is-wsl: 3.1.0

  zenn-cli@0.2.10:
    dependencies:
      open: 10.2.0

  zwitch@2.0.4: {}
